
Microsoft Visual Studio Solution File, Format Version 12.00
# Visual Studio Version 16
VisualStudioVersion = 16.0.29806.167
MinimumVisualStudioVersion = 10.0.40219.1
Project("{FAE04EC0-301F-11D3-BF4B-00C04F79EFBC}") = "A1.1-SortedList", "A1.1-SortedList\A1.1-SortedList.csproj", "{56E37F1C-D1D0-4E8F-BF82-1A725E84A287}"
EndProject
Project("{FAE04EC0-301F-11D3-BF4B-00C04F79EFBC}") = "A1.2-SortedDictionary", "A1.2-SortedDictionary\A1.2-SortedDictionary.csproj", "{0B3B7B56-976C-4CB9-944A-F1CF1A899464}"
EndProject
Project("{FAE04EC0-301F-11D3-BF4B-00C04F79EFBC}") = "A1.3-SortedSet", "A1.3-SortedSet\A1.3-SortedSet.csproj", "{A7B28A39-C1D7-4975-8976-DEF0365D9280}"
EndProject
Project("{2150E333-8FDC-42A3-9474-1A3956D46DE8}") = "Aula1", "Aula1", "{009A4259-9EB2-401B-BBF6-127F1212501A}"
EndProject
Project("{2150E333-8FDC-42A3-9474-1A3956D46DE8}") = "Aula2", "Aula2", "{866380E5-C9DD-42A1-829A-DF1E1227D359}"
EndProject
Project("{FAE04EC0-301F-11D3-BF4B-00C04F79EFBC}") = "A2.1-ArraysMultidimensionais", "A2.1-ArraysMultidimensionais\A2.1-ArraysMultidimensionais.csproj", "{38CDF642-DDEB-47CF-8183-2EE2C6042CA8}"
EndProject
Project("{FAE04EC0-301F-11D3-BF4B-00C04F79EFBC}") = "A2.2-JaggedArrays", "A2.2-JaggedArrays\A2.2-JaggedArrays.csproj", "{6916B581-D621-486F-9AA9-BF2C926F9EDF}"
EndProject
Project("{2150E333-8FDC-42A3-9474-1A3956D46DE8}") = "Aula3", "Aula3", "{CBCCE592-162E-421F-B1EC-682FA1D51962}"
EndProject
Project("{FAE04EC0-301F-11D3-BF4B-00C04F79EFBC}") = "A3.1-ConsultandoCollections", "A3.1-ConsultandoCollections\A3.1-ConsultandoCollections.csproj", "{F542BE3D-2DB8-4C3D-A035-ABA1EA2FA1EA}"
EndProject
Project("{2150E333-8FDC-42A3-9474-1A3956D46DE8}") = "Aula4", "Aula4", "{9070A484-5C87-4C57-A104-75C1D8F8AC71}"
EndProject
Project("{FAE04EC0-301F-11D3-BF4B-00C04F79EFBC}") = "A4.1-OutrosOperadoesLINQ", "A4.1-OutrosOperadoesLINQ\A4.1-OutrosOperadoesLINQ.csproj", "{8E8D9548-08B5-4055-9F78-8A9E2D3092B2}"
EndProject
Project("{FAE04EC0-301F-11D3-BF4B-00C04F79EFBC}") = "A4.2-OperadoresDeConjuntosLINQ", "A4.2-OperadoresDeConjuntosLINQ\A4.2-OperadoresDeConjuntosLINQ.csproj", "{494B3BDC-6FD5-4B64-AF65-CF3F96DDF114}"
EndProject
Project("{2150E333-8FDC-42A3-9474-1A3956D46DE8}") = "Aula5", "Aula5", "{A5229C59-6C09-4C0B-9E47-DAFE865340E1}"
EndProject
Project("{FAE04EC0-301F-11D3-BF4B-00C04F79EFBC}") = "A5.1-Covariancia", "A5.1-Covariancia\A5.1-Covariancia.csproj", "{0D1C8DD8-4444-477A-9CFE-6DFDD50567F2}"
EndProject
Project("{FAE04EC0-301F-11D3-BF4B-00C04F79EFBC}") = "A5.2-Foreach", "A5.2-Foreach\A5.2-Foreach.csproj", "{1F7D65DC-A3DE-4392-8507-14A6DE637203}"
EndProject
Global
	GlobalSection(SolutionConfigurationPlatforms) = preSolution
		Debug|Any CPU = Debug|Any CPU
		Release|Any CPU = Release|Any CPU
	EndGlobalSection
	GlobalSection(ProjectConfigurationPlatforms) = postSolution
		{56E37F1C-D1D0-4E8F-BF82-1A725E84A287}.Debug|Any CPU.ActiveCfg = Debug|Any CPU
		{56E37F1C-D1D0-4E8F-BF82-1A725E84A287}.Debug|Any CPU.Build.0 = Debug|Any CPU
		{56E37F1C-D1D0-4E8F-BF82-1A725E84A287}.Release|Any CPU.ActiveCfg = Release|Any CPU
		{56E37F1C-D1D0-4E8F-BF82-1A725E84A287}.Release|Any CPU.Build.0 = Release|Any CPU
		{0B3B7B56-976C-4CB9-944A-F1CF1A899464}.Debug|Any CPU.ActiveCfg = Debug|Any CPU
		{0B3B7B56-976C-4CB9-944A-F1CF1A899464}.Debug|Any CPU.Build.0 = Debug|Any CPU
		{0B3B7B56-976C-4CB9-944A-F1CF1A899464}.Release|Any CPU.ActiveCfg = Release|Any CPU
		{0B3B7B56-976C-4CB9-944A-F1CF1A899464}.Release|Any CPU.Build.0 = Release|Any CPU
		{A7B28A39-C1D7-4975-8976-DEF0365D9280}.Debug|Any CPU.ActiveCfg = Debug|Any CPU
		{A7B28A39-C1D7-4975-8976-DEF0365D9280}.Debug|Any CPU.Build.0 = Debug|Any CPU
		{A7B28A39-C1D7-4975-8976-DEF0365D9280}.Release|Any CPU.ActiveCfg = Release|Any CPU
		{A7B28A39-C1D7-4975-8976-DEF0365D9280}.Release|Any CPU.Build.0 = Release|Any CPU
		{38CDF642-DDEB-47CF-8183-2EE2C6042CA8}.Debug|Any CPU.ActiveCfg = Debug|Any CPU
		{38CDF642-DDEB-47CF-8183-2EE2C6042CA8}.Debug|Any CPU.Build.0 = Debug|Any CPU
		{38CDF642-DDEB-47CF-8183-2EE2C6042CA8}.Release|Any CPU.ActiveCfg = Release|Any CPU
		{38CDF642-DDEB-47CF-8183-2EE2C6042CA8}.Release|Any CPU.Build.0 = Release|Any CPU
		{6916B581-D621-486F-9AA9-BF2C926F9EDF}.Debug|Any CPU.ActiveCfg = Debug|Any CPU
		{6916B581-D621-486F-9AA9-BF2C926F9EDF}.Debug|Any CPU.Build.0 = Debug|Any CPU
		{6916B581-D621-486F-9AA9-BF2C926F9EDF}.Release|Any CPU.ActiveCfg = Release|Any CPU
		{6916B581-D621-486F-9AA9-BF2C926F9EDF}.Release|Any CPU.Build.0 = Release|Any CPU
		{F542BE3D-2DB8-4C3D-A035-ABA1EA2FA1EA}.Debug|Any CPU.ActiveCfg = Debug|Any CPU
		{F542BE3D-2DB8-4C3D-A035-ABA1EA2FA1EA}.Debug|Any CPU.Build.0 = Debug|Any CPU
		{F542BE3D-2DB8-4C3D-A035-ABA1EA2FA1EA}.Release|Any CPU.ActiveCfg = Release|Any CPU
		{F542BE3D-2DB8-4C3D-A035-ABA1EA2FA1EA}.Release|Any CPU.Build.0 = Release|Any CPU
		{8E8D9548-08B5-4055-9F78-8A9E2D3092B2}.Debug|Any CPU.ActiveCfg = Debug|Any CPU
		{8E8D9548-08B5-4055-9F78-8A9E2D3092B2}.Debug|Any CPU.Build.0 = Debug|Any CPU
		{8E8D9548-08B5-4055-9F78-8A9E2D3092B2}.Release|Any CPU.ActiveCfg = Release|Any CPU
		{8E8D9548-08B5-4055-9F78-8A9E2D3092B2}.Release|Any CPU.Build.0 = Release|Any CPU
		{494B3BDC-6FD5-4B64-AF65-CF3F96DDF114}.Debug|Any CPU.ActiveCfg = Debug|Any CPU
		{494B3BDC-6FD5-4B64-AF65-CF3F96DDF114}.Debug|Any CPU.Build.0 = Debug|Any CPU
		{494B3BDC-6FD5-4B64-AF65-CF3F96DDF114}.Release|Any CPU.ActiveCfg = Release|Any CPU
		{494B3BDC-6FD5-4B64-AF65-CF3F96DDF114}.Release|Any CPU.Build.0 = Release|Any CPU
		{0D1C8DD8-4444-477A-9CFE-6DFDD50567F2}.Debug|Any CPU.ActiveCfg = Debug|Any CPU
		{0D1C8DD8-4444-477A-9CFE-6DFDD50567F2}.Debug|Any CPU.Build.0 = Debug|Any CPU
		{0D1C8DD8-4444-477A-9CFE-6DFDD50567F2}.Release|Any CPU.ActiveCfg = Release|Any CPU
		{0D1C8DD8-4444-477A-9CFE-6DFDD50567F2}.Release|Any CPU.Build.0 = Release|Any CPU
		{1F7D65DC-A3DE-4392-8507-14A6DE637203}.Debug|Any CPU.ActiveCfg = Debug|Any CPU
		{1F7D65DC-A3DE-4392-8507-14A6DE637203}.Debug|Any CPU.Build.0 = Debug|Any CPU
		{1F7D65DC-A3DE-4392-8507-14A6DE637203}.Release|Any CPU.ActiveCfg = Release|Any CPU
		{1F7D65DC-A3DE-4392-8507-14A6DE637203}.Release|Any CPU.Build.0 = Release|Any CPU
	EndGlobalSection
	GlobalSection(SolutionProperties) = preSolution
		HideSolutionNode = FALSE
	EndGlobalSection
	GlobalSection(NestedProjects) = preSolution
		{56E37F1C-D1D0-4E8F-BF82-1A725E84A287} = {009A4259-9EB2-401B-BBF6-127F1212501A}
		{0B3B7B56-976C-4CB9-944A-F1CF1A899464} = {009A4259-9EB2-401B-BBF6-127F1212501A}
		{A7B28A39-C1D7-4975-8976-DEF0365D9280} = {009A4259-9EB2-401B-BBF6-127F1212501A}
		{38CDF642-DDEB-47CF-8183-2EE2C6042CA8} = {866380E5-C9DD-42A1-829A-DF1E1227D359}
		{6916B581-D621-486F-9AA9-BF2C926F9EDF} = {866380E5-C9DD-42A1-829A-DF1E1227D359}
		{F542BE3D-2DB8-4C3D-A035-ABA1EA2FA1EA} = {CBCCE592-162E-421F-B1EC-682FA1D51962}
		{8E8D9548-08B5-4055-9F78-8A9E2D3092B2} = {9070A484-5C87-4C57-A104-75C1D8F8AC71}
		{494B3BDC-6FD5-4B64-AF65-CF3F96DDF114} = {9070A484-5C87-4C57-A104-75C1D8F8AC71}
		{0D1C8DD8-4444-477A-9CFE-6DFDD50567F2} = {A5229C59-6C09-4C0B-9E47-DAFE865340E1}
		{1F7D65DC-A3DE-4392-8507-14A6DE637203} = {A5229C59-6C09-4C0B-9E47-DAFE865340E1}
	EndGlobalSection
	GlobalSection(ExtensibilityGlobals) = postSolution
		SolutionGuid = {329333F2-0EC5-425F-BC4C-FF5D1BA1A170}
	EndGlobalSection
EndGlobal
