
Microsoft Visual Studio Solution File, Format Version 12.00
# Visual Studio 15
VisualStudioVersion = 15.0.28307.572
MinimumVisualStudioVersion = 10.0.40219.1
Project("{FAE04EC0-301F-11D3-BF4B-00C04F79EFBC}") = "06_PoderDosSets", "06_PoderDosSets\06_PoderDosSets.csproj", "{0639E7C5-FC5A-42CD-BC5A-9473CE60791F}"
EndProject
Project("{FAE04EC0-301F-11D3-BF4B-00C04F79EFBC}") = "07_SetNoModelo", "07_SetNoModelo\07_SetNoModelo.csproj", "{176A02A6-F180-42E1-91CC-BABF751CA7A2}"
EndProject
Project("{FAE04EC0-301F-11D3-BF4B-00C04F79EFBC}") = "08_Dicionarios", "08_Dicionarios\08_Dicionarios.csproj", "{BFE7EEA4-A532-4EDD-83CD-DA3C10AAE2E4}"
EndProject
Project("{FAE04EC0-301F-11D3-BF4B-00C04F79EFBC}") = "09_LinkedList", "09_LinkedList\09_LinkedList.csproj", "{EDE08A88-DC3F-43C0-8F03-E2E7D3B39983}"
EndProject
Project("{FAE04EC0-301F-11D3-BF4B-00C04F79EFBC}") = "10_Stack", "10_Stack\10_Stack.csproj", "{58D5C889-A17D-4937-AA29-08E50705C295}"
EndProject
Project("{FAE04EC0-301F-11D3-BF4B-00C04F79EFBC}") = "01_Arrays", "01_Arrays\01_Arrays.csproj", "{701D13EC-E1C9-44FA-89EE-2EA23FBF8F34}"
EndProject
Project("{FAE04EC0-301F-11D3-BF4B-00C04F79EFBC}") = "02_Listas", "02_Listas\02_Listas.csproj", "{DF107C2E-A3C5-4726-80B0-EDE742BB818E}"
EndProject
Project("{FAE04EC0-301F-11D3-BF4B-00C04F79EFBC}") = "03_ListaDeObjetos", "03_ListaDeObjetos\03_ListaDeObjetos.csproj", "{A38D7337-90AF-4A6D-9B60-011DC5320534}"
EndProject
Project("{FAE04EC0-301F-11D3-BF4B-00C04F79EFBC}") = "04_ListaSomenteLeitura", "04_ListaSomenteLeitura\04_ListaSomenteLeitura.csproj", "{03358B0C-3245-4262-8910-D005809BDE09}"
EndProject
Project("{FAE04EC0-301F-11D3-BF4B-00C04F79EFBC}") = "05_OrdenandoESomando", "05_OrdenandoESomando\05_OrdenandoESomando.csproj", "{ED1CF24C-4B5A-4716-B69B-A58275C24FD3}"
EndProject
Project("{FAE04EC0-301F-11D3-BF4B-00C04F79EFBC}") = "11_Queue", "11_Queue\11_Queue.csproj", "{58195322-34DA-4F9B-AD12-73E0DBC33E67}"
EndProject
Global
	GlobalSection(SolutionConfigurationPlatforms) = preSolution
		Debug|Any CPU = Debug|Any CPU
		Release|Any CPU = Release|Any CPU
	EndGlobalSection
	GlobalSection(ProjectConfigurationPlatforms) = postSolution
		{0639E7C5-FC5A-42CD-BC5A-9473CE60791F}.Debug|Any CPU.ActiveCfg = Debug|Any CPU
		{0639E7C5-FC5A-42CD-BC5A-9473CE60791F}.Debug|Any CPU.Build.0 = Debug|Any CPU
		{0639E7C5-FC5A-42CD-BC5A-9473CE60791F}.Release|Any CPU.ActiveCfg = Release|Any CPU
		{0639E7C5-FC5A-42CD-BC5A-9473CE60791F}.Release|Any CPU.Build.0 = Release|Any CPU
		{176A02A6-F180-42E1-91CC-BABF751CA7A2}.Debug|Any CPU.ActiveCfg = Debug|Any CPU
		{176A02A6-F180-42E1-91CC-BABF751CA7A2}.Debug|Any CPU.Build.0 = Debug|Any CPU
		{176A02A6-F180-42E1-91CC-BABF751CA7A2}.Release|Any CPU.ActiveCfg = Release|Any CPU
		{176A02A6-F180-42E1-91CC-BABF751CA7A2}.Release|Any CPU.Build.0 = Release|Any CPU
		{BFE7EEA4-A532-4EDD-83CD-DA3C10AAE2E4}.Debug|Any CPU.ActiveCfg = Debug|Any CPU
		{BFE7EEA4-A532-4EDD-83CD-DA3C10AAE2E4}.Debug|Any CPU.Build.0 = Debug|Any CPU
		{BFE7EEA4-A532-4EDD-83CD-DA3C10AAE2E4}.Release|Any CPU.ActiveCfg = Release|Any CPU
		{BFE7EEA4-A532-4EDD-83CD-DA3C10AAE2E4}.Release|Any CPU.Build.0 = Release|Any CPU
		{EDE08A88-DC3F-43C0-8F03-E2E7D3B39983}.Debug|Any CPU.ActiveCfg = Debug|Any CPU
		{EDE08A88-DC3F-43C0-8F03-E2E7D3B39983}.Debug|Any CPU.Build.0 = Debug|Any CPU
		{EDE08A88-DC3F-43C0-8F03-E2E7D3B39983}.Release|Any CPU.ActiveCfg = Release|Any CPU
		{EDE08A88-DC3F-43C0-8F03-E2E7D3B39983}.Release|Any CPU.Build.0 = Release|Any CPU
		{58D5C889-A17D-4937-AA29-08E50705C295}.Debug|Any CPU.ActiveCfg = Debug|Any CPU
		{58D5C889-A17D-4937-AA29-08E50705C295}.Debug|Any CPU.Build.0 = Debug|Any CPU
		{58D5C889-A17D-4937-AA29-08E50705C295}.Release|Any CPU.ActiveCfg = Release|Any CPU
		{58D5C889-A17D-4937-AA29-08E50705C295}.Release|Any CPU.Build.0 = Release|Any CPU
		{701D13EC-E1C9-44FA-89EE-2EA23FBF8F34}.Debug|Any CPU.ActiveCfg = Debug|Any CPU
		{701D13EC-E1C9-44FA-89EE-2EA23FBF8F34}.Debug|Any CPU.Build.0 = Debug|Any CPU
		{701D13EC-E1C9-44FA-89EE-2EA23FBF8F34}.Release|Any CPU.ActiveCfg = Release|Any CPU
		{701D13EC-E1C9-44FA-89EE-2EA23FBF8F34}.Release|Any CPU.Build.0 = Release|Any CPU
		{DF107C2E-A3C5-4726-80B0-EDE742BB818E}.Debug|Any CPU.ActiveCfg = Debug|Any CPU
		{DF107C2E-A3C5-4726-80B0-EDE742BB818E}.Debug|Any CPU.Build.0 = Debug|Any CPU
		{DF107C2E-A3C5-4726-80B0-EDE742BB818E}.Release|Any CPU.ActiveCfg = Release|Any CPU
		{DF107C2E-A3C5-4726-80B0-EDE742BB818E}.Release|Any CPU.Build.0 = Release|Any CPU
		{A38D7337-90AF-4A6D-9B60-011DC5320534}.Debug|Any CPU.ActiveCfg = Debug|Any CPU
		{A38D7337-90AF-4A6D-9B60-011DC5320534}.Debug|Any CPU.Build.0 = Debug|Any CPU
		{A38D7337-90AF-4A6D-9B60-011DC5320534}.Release|Any CPU.ActiveCfg = Release|Any CPU
		{A38D7337-90AF-4A6D-9B60-011DC5320534}.Release|Any CPU.Build.0 = Release|Any CPU
		{03358B0C-3245-4262-8910-D005809BDE09}.Debug|Any CPU.ActiveCfg = Debug|Any CPU
		{03358B0C-3245-4262-8910-D005809BDE09}.Debug|Any CPU.Build.0 = Debug|Any CPU
		{03358B0C-3245-4262-8910-D005809BDE09}.Release|Any CPU.ActiveCfg = Release|Any CPU
		{03358B0C-3245-4262-8910-D005809BDE09}.Release|Any CPU.Build.0 = Release|Any CPU
		{ED1CF24C-4B5A-4716-B69B-A58275C24FD3}.Debug|Any CPU.ActiveCfg = Debug|Any CPU
		{ED1CF24C-4B5A-4716-B69B-A58275C24FD3}.Debug|Any CPU.Build.0 = Debug|Any CPU
		{ED1CF24C-4B5A-4716-B69B-A58275C24FD3}.Release|Any CPU.ActiveCfg = Release|Any CPU
		{ED1CF24C-4B5A-4716-B69B-A58275C24FD3}.Release|Any CPU.Build.0 = Release|Any CPU
		{58195322-34DA-4F9B-AD12-73E0DBC33E67}.Debug|Any CPU.ActiveCfg = Debug|Any CPU
		{58195322-34DA-4F9B-AD12-73E0DBC33E67}.Debug|Any CPU.Build.0 = Debug|Any CPU
		{58195322-34DA-4F9B-AD12-73E0DBC33E67}.Release|Any CPU.ActiveCfg = Release|Any CPU
		{58195322-34DA-4F9B-AD12-73E0DBC33E67}.Release|Any CPU.Build.0 = Release|Any CPU
	EndGlobalSection
	GlobalSection(SolutionProperties) = preSolution
		HideSolutionNode = FALSE
	EndGlobalSection
	GlobalSection(ExtensibilityGlobals) = postSolution
		SolutionGuid = {E84C1B2B-2531-4ED4-A966-8EAE2EF30ACD}
	EndGlobalSection
EndGlobal
